
Microsoft Visual Studio Solution File, Format Version 12.00
# Visual Studio Version 16
VisualStudioVersion = 16.0.31702.278
MinimumVisualStudioVersion = 10.0.40219.1
Project("{FAE04EC0-301F-11D3-BF4B-00C04F79EFBC}") = "AdventOfCodeCSharp", "AdventOfCodeCSharp\AdventOfCodeCSharp.csproj", "{995E0BDF-031F-4CF6-A790-6F46643892CF}"
EndProject
Global
	GlobalSection(SolutionConfigurationPlatforms) = preSolution
		Debug|Any CPU = Debug|Any CPU
		Release|Any CPU = Release|Any CPU
	EndGlobalSection
	GlobalSection(ProjectConfigurationPlatforms) = postSolution
		{995E0BDF-031F-4CF6-A790-6F46643892CF}.Debug|Any CPU.ActiveCfg = Debug|Any CPU
		{995E0BDF-031F-4CF6-A790-6F46643892CF}.Debug|Any CPU.Build.0 = Debug|Any CPU
		{995E0BDF-031F-4CF6-A790-6F46643892CF}.Release|Any CPU.ActiveCfg = Release|Any CPU
		{995E0BDF-031F-4CF6-A790-6F46643892CF}.Release|Any CPU.Build.0 = Release|Any CPU
	EndGlobalSection
	GlobalSection(SolutionProperties) = preSolution
		HideSolutionNode = FALSE
	EndGlobalSection
	GlobalSection(ExtensibilityGlobals) = postSolution
		SolutionGuid = {ECA654DD-B7BF-4331-B8E0-A4B117F82723}
	EndGlobalSection
EndGlobal
