
Microsoft Visual Studio Solution File, Format Version 12.00
# Visual Studio Version 16
VisualStudioVersion = 16.0.31702.278
MinimumVisualStudioVersion = 10.0.40219.1
Project("{FAE04EC0-301F-11D3-BF4B-00C04F79EFBC}") = "04", "04\04.csproj", "{FEC5E8D2-A716-484B-A9EE-96A094C98E4C}"
EndProject
Global
	GlobalSection(SolutionConfigurationPlatforms) = preSolution
		Debug|Any CPU = Debug|Any CPU
		Release|Any CPU = Release|Any CPU
	EndGlobalSection
	GlobalSection(ProjectConfigurationPlatforms) = postSolution
		{FEC5E8D2-A716-484B-A9EE-96A094C98E4C}.Debug|Any CPU.ActiveCfg = Debug|Any CPU
		{FEC5E8D2-A716-484B-A9EE-96A094C98E4C}.Debug|Any CPU.Build.0 = Debug|Any CPU
		{FEC5E8D2-A716-484B-A9EE-96A094C98E4C}.Release|Any CPU.ActiveCfg = Release|Any CPU
		{FEC5E8D2-A716-484B-A9EE-96A094C98E4C}.Release|Any CPU.Build.0 = Release|Any CPU
	EndGlobalSection
	GlobalSection(SolutionProperties) = preSolution
		HideSolutionNode = FALSE
	EndGlobalSection
	GlobalSection(ExtensibilityGlobals) = postSolution
		SolutionGuid = {A9150C82-6691-46C6-9376-B9D327786023}
	EndGlobalSection
EndGlobal
