
Microsoft Visual Studio Solution File, Format Version 12.00
# Visual Studio Version 16
VisualStudioVersion = 16.0.31702.278
MinimumVisualStudioVersion = 10.0.40219.1
Project("{FAE04EC0-301F-11D3-BF4B-00C04F79EFBC}") = "d09", "d09\d09.csproj", "{C6C98336-C711-4B0C-AF81-CC4D73C5710E}"
EndProject
Global
	GlobalSection(SolutionConfigurationPlatforms) = preSolution
		Debug|Any CPU = Debug|Any CPU
		Release|Any CPU = Release|Any CPU
	EndGlobalSection
	GlobalSection(ProjectConfigurationPlatforms) = postSolution
		{C6C98336-C711-4B0C-AF81-CC4D73C5710E}.Debug|Any CPU.ActiveCfg = Debug|Any CPU
		{C6C98336-C711-4B0C-AF81-CC4D73C5710E}.Debug|Any CPU.Build.0 = Debug|Any CPU
		{C6C98336-C711-4B0C-AF81-CC4D73C5710E}.Release|Any CPU.ActiveCfg = Release|Any CPU
		{C6C98336-C711-4B0C-AF81-CC4D73C5710E}.Release|Any CPU.Build.0 = Release|Any CPU
	EndGlobalSection
	GlobalSection(SolutionProperties) = preSolution
		HideSolutionNode = FALSE
	EndGlobalSection
	GlobalSection(ExtensibilityGlobals) = postSolution
		SolutionGuid = {7C82954F-4DF9-4C9E-88A4-2B533C7720CC}
	EndGlobalSection
EndGlobal
